
Microsoft Visual Studio Solution File, Format Version 12.00
# Visual Studio Version 16
VisualStudioVersion = 16.0.30907.101
MinimumVisualStudioVersion = 10.0.40219.1
Project("{9A19103F-16F7-4668-BE54-9A1E7A4F7556}") = "SudokuSolver.New", "SudokuSolver.New\SudokuSolver.New.csproj", "{F1EC0E1D-E9B8-4DE1-AE11-A1180CF9EB1F}"
EndProject
Project("{9A19103F-16F7-4668-BE54-9A1E7A4F7556}") = "SudokuSolver.Tests", "SudokuSolver.Tests\SudokuSolver.Tests.csproj", "{3450A41C-E852-4484-BAC8-16B9F5D806AD}"
EndProject
Project("{FAE04EC0-301F-11D3-BF4B-00C04F79EFBC}") = "SudokuSolver.ConsoleTests", "SudokuSolver.ConsoleTests\SudokuSolver.ConsoleTests.csproj", "{6055BE3B-34F1-499D-9233-CA16ED710633}"
EndProject
Global
	GlobalSection(SolutionConfigurationPlatforms) = preSolution
		Debug|Any CPU = Debug|Any CPU
		Release|Any CPU = Release|Any CPU
	EndGlobalSection
	GlobalSection(ProjectConfigurationPlatforms) = postSolution
		{F1EC0E1D-E9B8-4DE1-AE11-A1180CF9EB1F}.Debug|Any CPU.ActiveCfg = Debug|Any CPU
		{F1EC0E1D-E9B8-4DE1-AE11-A1180CF9EB1F}.Debug|Any CPU.Build.0 = Debug|Any CPU
		{F1EC0E1D-E9B8-4DE1-AE11-A1180CF9EB1F}.Release|Any CPU.ActiveCfg = Release|Any CPU
		{F1EC0E1D-E9B8-4DE1-AE11-A1180CF9EB1F}.Release|Any CPU.Build.0 = Release|Any CPU
		{3450A41C-E852-4484-BAC8-16B9F5D806AD}.Debug|Any CPU.ActiveCfg = Debug|Any CPU
		{3450A41C-E852-4484-BAC8-16B9F5D806AD}.Debug|Any CPU.Build.0 = Debug|Any CPU
		{3450A41C-E852-4484-BAC8-16B9F5D806AD}.Release|Any CPU.ActiveCfg = Release|Any CPU
		{3450A41C-E852-4484-BAC8-16B9F5D806AD}.Release|Any CPU.Build.0 = Release|Any CPU
		{6055BE3B-34F1-499D-9233-CA16ED710633}.Debug|Any CPU.ActiveCfg = Debug|Any CPU
		{6055BE3B-34F1-499D-9233-CA16ED710633}.Debug|Any CPU.Build.0 = Debug|Any CPU
		{6055BE3B-34F1-499D-9233-CA16ED710633}.Release|Any CPU.ActiveCfg = Release|Any CPU
		{6055BE3B-34F1-499D-9233-CA16ED710633}.Release|Any CPU.Build.0 = Release|Any CPU
	EndGlobalSection
	GlobalSection(SolutionProperties) = preSolution
		HideSolutionNode = FALSE
	EndGlobalSection
	GlobalSection(ExtensibilityGlobals) = postSolution
		SolutionGuid = {BD3E6BE1-E5D2-40E0-9903-BAAFE18F3216}
	EndGlobalSection
EndGlobal
